
Microsoft Visual Studio Solution File, Format Version 12.00
# Visual Studio Version 16
VisualStudioVersion = 16.0.30517.126
MinimumVisualStudioVersion = 10.0.40219.1
Project("{9A19103F-16F7-4668-BE54-9A1E7A4F7556}") = "BethanysPieShopHRM", "BethanysPieShopHRM\BethanysPieShopHRM.csproj", "{021535C5-1372-417A-BB9A-E9F8499F4465}"
EndProject
Global
	GlobalSection(SolutionConfigurationPlatforms) = preSolution
		Debug|Any CPU = Debug|Any CPU
		Release|Any CPU = Release|Any CPU
	EndGlobalSection
	GlobalSection(ProjectConfigurationPlatforms) = postSolution
		{021535C5-1372-417A-BB9A-E9F8499F4465}.Debug|Any CPU.ActiveCfg = Debug|Any CPU
		{021535C5-1372-417A-BB9A-E9F8499F4465}.Debug|Any CPU.Build.0 = Debug|Any CPU
		{021535C5-1372-417A-BB9A-E9F8499F4465}.Release|Any CPU.ActiveCfg = Release|Any CPU
		{021535C5-1372-417A-BB9A-E9F8499F4465}.Release|Any CPU.Build.0 = Release|Any CPU
	EndGlobalSection
	GlobalSection(SolutionProperties) = preSolution
		HideSolutionNode = FALSE
	EndGlobalSection
	GlobalSection(ExtensibilityGlobals) = postSolution
		SolutionGuid = {974CC6D7-C46A-45B7-AA28-78F1F3411FE4}
	EndGlobalSection
EndGlobal
